
Microsoft Visual Studio Solution File, Format Version 12.00
# Visual Studio Version 17
VisualStudioVersion = 17.3.32825.248
MinimumVisualStudioVersion = 10.0.40219.1
Project("{FAE04EC0-301F-11D3-BF4B-00C04F79EFBC}") = "6KyuGiveMeADiamond", "6KyuGiveMeADiamond\6KyuGiveMeADiamond.csproj", "{57E72A0C-1CB2-45BC-9D70-CCD45273F11B}"
EndProject
Global
	GlobalSection(SolutionConfigurationPlatforms) = preSolution
		Debug|Any CPU = Debug|Any CPU
		Release|Any CPU = Release|Any CPU
	EndGlobalSection
	GlobalSection(ProjectConfigurationPlatforms) = postSolution
		{57E72A0C-1CB2-45BC-9D70-CCD45273F11B}.Debug|Any CPU.ActiveCfg = Debug|Any CPU
		{57E72A0C-1CB2-45BC-9D70-CCD45273F11B}.Debug|Any CPU.Build.0 = Debug|Any CPU
		{57E72A0C-1CB2-45BC-9D70-CCD45273F11B}.Release|Any CPU.ActiveCfg = Release|Any CPU
		{57E72A0C-1CB2-45BC-9D70-CCD45273F11B}.Release|Any CPU.Build.0 = Release|Any CPU
	EndGlobalSection
	GlobalSection(SolutionProperties) = preSolution
		HideSolutionNode = FALSE
	EndGlobalSection
	GlobalSection(ExtensibilityGlobals) = postSolution
		SolutionGuid = {8FDFC9FD-7BC2-43EE-B1BB-A4CA48B7ED00}
	EndGlobalSection
EndGlobal
